
Microsoft Visual Studio Solution File, Format Version 12.00
# Visual Studio Version 17
VisualStudioVersion = 17.14.37012.4
MinimumVisualStudioVersion = 10.0.40219.1
Project("{FAE04EC0-301F-11D3-BF4B-00C04F79EFBC}") = "myWMS.Module", "myWMS.Module\myWMS.Module.csproj", "{C66680CF-9294-6D63-7CF7-BD3B955E6159}"
EndProject
Project("{FAE04EC0-301F-11D3-BF4B-00C04F79EFBC}") = "myWMS.Blazor.Server", "myWMS.Blazor.Server\myWMS.Blazor.Server.csproj", "{7451F510-1FA2-26DF-C214-2607516C1D9D}"
EndProject
Global
	GlobalSection(SolutionConfigurationPlatforms) = preSolution
		Debug|Any CPU = Debug|Any CPU
		EasyTest|Any CPU = EasyTest|Any CPU
		Release|Any CPU = Release|Any CPU
	EndGlobalSection
	GlobalSection(ProjectConfigurationPlatforms) = postSolution
		{C66680CF-9294-6D63-7CF7-BD3B955E6159}.Debug|Any CPU.ActiveCfg = Debug|Any CPU
		{C66680CF-9294-6D63-7CF7-BD3B955E6159}.Debug|Any CPU.Build.0 = Debug|Any CPU
		{C66680CF-9294-6D63-7CF7-BD3B955E6159}.EasyTest|Any CPU.ActiveCfg = EasyTest|Any CPU
		{C66680CF-9294-6D63-7CF7-BD3B955E6159}.EasyTest|Any CPU.Build.0 = EasyTest|Any CPU
		{C66680CF-9294-6D63-7CF7-BD3B955E6159}.Release|Any CPU.ActiveCfg = Release|Any CPU
		{C66680CF-9294-6D63-7CF7-BD3B955E6159}.Release|Any CPU.Build.0 = Release|Any CPU
		{7451F510-1FA2-26DF-C214-2607516C1D9D}.Debug|Any CPU.ActiveCfg = Debug|Any CPU
		{7451F510-1FA2-26DF-C214-2607516C1D9D}.Debug|Any CPU.Build.0 = Debug|Any CPU
		{7451F510-1FA2-26DF-C214-2607516C1D9D}.EasyTest|Any CPU.ActiveCfg = EasyTest|Any CPU
		{7451F510-1FA2-26DF-C214-2607516C1D9D}.EasyTest|Any CPU.Build.0 = EasyTest|Any CPU
		{7451F510-1FA2-26DF-C214-2607516C1D9D}.Release|Any CPU.ActiveCfg = Release|Any CPU
		{7451F510-1FA2-26DF-C214-2607516C1D9D}.Release|Any CPU.Build.0 = Release|Any CPU
	EndGlobalSection
	GlobalSection(SolutionProperties) = preSolution
		HideSolutionNode = FALSE
	EndGlobalSection
EndGlobal
